
Microsoft Visual Studio Solution File, Format Version 12.00
# Visual Studio Version 16
VisualStudioVersion = 16.0.31624.102
MinimumVisualStudioVersion = 10.0.40219.1
Project("{9A19103F-16F7-4668-BE54-9A1E7A4F7556}") = "PAMO_TapPay", "PAMO_TapPay\PAMO_TapPay.csproj", "{321398F0-72D5-498A-848A-21A55BA8E970}"
EndProject
Global
	GlobalSection(SolutionConfigurationPlatforms) = preSolution
		Debug|Any CPU = Debug|Any CPU
		Release|Any CPU = Release|Any CPU
	EndGlobalSection
	GlobalSection(ProjectConfigurationPlatforms) = postSolution
		{321398F0-72D5-498A-848A-21A55BA8E970}.Debug|Any CPU.ActiveCfg = Debug|Any CPU
		{321398F0-72D5-498A-848A-21A55BA8E970}.Debug|Any CPU.Build.0 = Debug|Any CPU
		{321398F0-72D5-498A-848A-21A55BA8E970}.Release|Any CPU.ActiveCfg = Release|Any CPU
		{321398F0-72D5-498A-848A-21A55BA8E970}.Release|Any CPU.Build.0 = Release|Any CPU
	EndGlobalSection
	GlobalSection(SolutionProperties) = preSolution
		HideSolutionNode = FALSE
	EndGlobalSection
	GlobalSection(ExtensibilityGlobals) = postSolution
		SolutionGuid = {0C030189-59FF-4BB3-B591-92D23A51A7C6}
	EndGlobalSection
EndGlobal
